# THIS IS AN AUTOGENERATED FILE. DO NOT EDIT THIS FILE DIRECTLY.
# yarn lockfile v1


"@better-scroll/core@^2.2.1":
  version "2.2.1"
  resolved "https://registry.npm.taobao.org/@better-scroll/core/download/@better-scroll/core-2.2.1.tgz#3e35b1f6886c712cd9a6baf6aa0b31c754721414"
  integrity sha1-PjWx9ohscSzZprr2qgsxx1RyFBQ=
  dependencies:
    "@better-scroll/shared-utils" "^2.2.1"

"@better-scroll/shared-utils@^2.2.1":
  version "2.2.1"
  resolved "https://registry.npm.taobao.org/@better-scroll/shared-utils/download/@better-scroll/shared-utils-2.2.1.tgz#eb024feee1d37598a9b04fc18ca0d8b31f34f704"
  integrity sha1-6wJP7uHTdZipsE/BjKDYsx809wQ=

"@better-scroll/slide@^2.2.1":
  version "2.2.1"
  resolved "https://registry.npm.taobao.org/@better-scroll/slide/download/@better-scroll/slide-2.2.1.tgz#165d80d7b0673b715226ee87ee722755be1241ef"
  integrity sha1-Fl2A17BnO3FSJu6H7nInVb4SQe8=
  dependencies:
    "@better-scroll/core" "^2.2.1"
